
Microsoft Visual Studio Solution File, Format Version 12.00
# Visual Studio Version 17
VisualStudioVersion = 17.14.36811.4 d17.14
MinimumVisualStudioVersion = 10.0.40219.1
Project("{FAE04EC0-301F-11D3-BF4B-00C04F79EFBC}") = "Sistema de Getion de Piscicultura", "Sistema de Getion de Piscicultura\Sistema de Getion de Piscicultura\Sistema de Getion de Piscicultura.csproj", "{067F3ABC-E366-4E2A-A644-4938486C630C}"
EndProject
Project("{FAE04EC0-301F-11D3-BF4B-00C04F79EFBC}") = "Sistema de Getion de Piscicultura.Client", "Sistema de Getion de Piscicultura\Sistema de Getion de Piscicultura.Client\Sistema de Getion de Piscicultura.Client.csproj", "{DE9271DA-41B0-477D-A1F3-812C7A701E76}"
EndProject
Global
	GlobalSection(SolutionConfigurationPlatforms) = preSolution
		Debug|Any CPU = Debug|Any CPU
		Release|Any CPU = Release|Any CPU
	EndGlobalSection
	GlobalSection(ProjectConfigurationPlatforms) = postSolution
		{067F3ABC-E366-4E2A-A644-4938486C630C}.Debug|Any CPU.ActiveCfg = Debug|Any CPU
		{067F3ABC-E366-4E2A-A644-4938486C630C}.Debug|Any CPU.Build.0 = Debug|Any CPU
		{067F3ABC-E366-4E2A-A644-4938486C630C}.Release|Any CPU.ActiveCfg = Release|Any CPU
		{067F3ABC-E366-4E2A-A644-4938486C630C}.Release|Any CPU.Build.0 = Release|Any CPU
		{DE9271DA-41B0-477D-A1F3-812C7A701E76}.Debug|Any CPU.ActiveCfg = Debug|Any CPU
		{DE9271DA-41B0-477D-A1F3-812C7A701E76}.Debug|Any CPU.Build.0 = Debug|Any CPU
		{DE9271DA-41B0-477D-A1F3-812C7A701E76}.Release|Any CPU.ActiveCfg = Release|Any CPU
		{DE9271DA-41B0-477D-A1F3-812C7A701E76}.Release|Any CPU.Build.0 = Release|Any CPU
	EndGlobalSection
	GlobalSection(SolutionProperties) = preSolution
		HideSolutionNode = FALSE
	EndGlobalSection
	GlobalSection(ExtensibilityGlobals) = postSolution
		SolutionGuid = {4C8E7372-7498-4B39-AA0F-3A01494BC028}
	EndGlobalSection
EndGlobal
